// !$*UTF8*$!
{
	archiveVersion = 1;
	classes = {
	};
	objectVersion = 50;
	objects = {

/* Begin PBXBuildFile section */
		6660A95D2225860E003CA656 /* AppDelegate.swift in Sources */ = {isa = PBXBuildFile; fileRef = 6660A95C2225860E003CA656 /* AppDelegate.swift */; };
		6660A95F2225860E003CA656 /* art.scnassets in Resources */ = {isa = PBXBuildFile; fileRef = 6660A95E2225860E003CA656 /* art.scnassets */; };
		6660A9612225860E003CA656 /* ViewController.swift in Sources */ = {isa = PBXBuildFile; fileRef = 6660A9602225860E003CA656 /* ViewController.swift */; };
		6660A9642225860E003CA656 /* Main.storyboard in Resources */ = {isa = PBXBuildFile; fileRef = 6660A9622225860E003CA656 /* Main.storyboard */; };
		6660A9662225860E003CA656 /* Assets.xcassets in Resources */ = {isa = PBXBuildFile; fileRef = 6660A9652225860E003CA656 /* Assets.xcassets */; };
		6660A9692225860E003CA656 /* LaunchScreen.storyboard in Resources */ = {isa = PBXBuildFile; fileRef = 6660A9672225860E003CA656 /* LaunchScreen.storyboard */; };
		6660A9742225860E003CA656 /* CabinARTests.swift in Sources */ = {isa = PBXBuildFile; fileRef = 6660A9732225860E003CA656 /* CabinARTests.swift */; };
		6660A97F2225860F003CA656 /* CabinARUITests.swift in Sources */ = {isa = PBXBuildFile; fileRef = 6660A97E2225860F003CA656 /* CabinARUITests.swift */; };
/* End PBXBuildFile section */

/* Begin PBXContainerItemProxy section */
		6660A9702225860E003CA656 /* PBXContainerItemProxy */ = {
			isa = PBXContainerItemProxy;
			containerPortal = 6660A9512225860E003CA656 /* Project object */;
			proxyType = 1;
			remoteGlobalIDString = 6660A9582225860E003CA656;
			remoteInfo = CabinAR;
		};
		6660A97B2225860F003CA656 /* PBXContainerItemProxy */ = {
			isa = PBXContainerItemProxy;
			containerPortal = 6660A9512225860E003CA656 /* Project object */;
			proxyType = 1;
			remoteGlobalIDString = 6660A9582225860E003CA656;
			remoteInfo = CabinAR;
		};
/* End PBXContainerItemProxy section */

/* Begin PBXFileReference section */
		6660A9592225860E003CA656 /* CabinAR.app */ = {isa = PBXFileReference; explicitFileType = wrapper.application; includeInIndex = 0; path = CabinAR.app; sourceTree = BUILT_PRODUCTS_DIR; };
		6660A95C2225860E003CA656 /* AppDelegate.swift */ = {isa = PBXFileReference; lastKnownFileType = sourcecode.swift; path = AppDelegate.swift; sourceTree = "<group>"; };
		6660A95E2225860E003CA656 /* art.scnassets */ = {isa = PBXFileReference; lastKnownFileType = wrapper.scnassets; path = art.scnassets; sourceTree = "<group>"; };
		6660A9602225860E003CA656 /* ViewController.swift */ = {isa = PBXFileReference; lastKnownFileType = sourcecode.swift; path = ViewController.swift; sourceTree = "<group>"; };
		6660A9632225860E003CA656 /* Base */ = {isa = PBXFileReference; lastKnownFileType = file.storyboard; name = Base; path = Base.lproj/Main.storyboard; sourceTree = "<group>"; };
		6660A9652225860E003CA656 /* Assets.xcassets */ = {isa = PBXFileReference; lastKnownFileType = folder.assetcatalog; path = Assets.xcassets; sourceTree = "<group>"; };
		6660A9682225860E003CA656 /* Base */ = {isa = PBXFileReference; lastKnownFileType = file.storyboard; name = Base; path = Base.lproj/LaunchScreen.storyboard; sourceTree = "<group>"; };
		6660A96A2225860E003CA656 /* Info.plist */ = {isa = PBXFileReference; lastKnownFileType = text.plist.xml; path = Info.plist; sourceTree = "<group>"; };
		6660A96F2225860E003CA656 /* CabinARTests.xctest */ = {isa = PBXFileReference; explicitFileType = wrapper.cfbundle; includeInIndex = 0; path = CabinARTests.xctest; sourceTree = BUILT_PRODUCTS_DIR; };
		6660A9732225860E003CA656 /* CabinARTests.swift */ = {isa = PBXFileReference; lastKnownFileType = sourcecode.swift; path = CabinARTests.swift; sourceTree = "<group>"; };
		6660A9752225860E003CA656 /* Info.plist */ = {isa = PBXFileReference; lastKnownFileType = text.plist.xml; path = Info.plist; sourceTree = "<group>"; };
		6660A97A2225860F003CA656 /* CabinARUITests.xctest */ = {isa = PBXFileReference; explicitFileType = wrapper.cfbundle; includeInIndex = 0; path = CabinARUITests.xctest; sourceTree = BUILT_PRODUCTS_DIR; };
		6660A97E2225860F003CA656 /* CabinARUITests.swift */ = {isa = PBXFileReference; lastKnownFileType = sourcecode.swift; path = CabinARUITests.swift; sourceTree = "<group>"; };
		6660A9802225860F003CA656 /* Info.plist */ = {isa = PBXFileReference; lastKnownFileType = text.plist.xml; path = Info.plist; sourceTree = "<group>"; };
/* End PBXFileReference section */

/* Begin PBXFrameworksBuildPhase section */
		6660A9562225860E003CA656 /* Frameworks */ = {
			isa = PBXFrameworksBuildPhase;
			buildActionMask = 2147483647;
			files = (
			);
			runOnlyForDeploymentPostprocessing = 0;
		};
		6660A96C2225860E003CA656 /* Frameworks */ = {
			isa = PBXFrameworksBuildPhase;
			buildActionMask = 2147483647;
			files = (
			);
			runOnlyForDeploymentPostprocessing = 0;
		};
		6660A9772225860F003CA656 /* Frameworks */ = {
			isa = PBXFrameworksBuildPhase;
			buildActionMask = 2147483647;
			files = (
			);
			runOnlyForDeploymentPostprocessing = 0;
		};
/* End PBXFrameworksBuildPhase section */

/* Begin PBXGroup section */
		6660A9502225860E003CA656 = {
			isa = PBXGroup;
			children = (
				6660A95B2225860E003CA656 /* CabinAR */,
				6660A9722225860E003CA656 /* CabinARTests */,
				6660A97D2225860F003CA656 /* CabinARUITests */,
				6660A95A2225860E003CA656 /* Products */,
			);
			sourceTree = "<group>";
		};
		6660A95A2225860E003CA656 /* Products */ = {
			isa = PBXGroup;
			children = (
				6660A9592225860E003CA656 /* CabinAR.app */,
				6660A96F2225860E003CA656 /* CabinARTests.xctest */,
				6660A97A2225860F003CA656 /* CabinARUITests.xctest */,
			);
			name = Products;
			sourceTree = "<group>";
		};
		6660A95B2225860E003CA656 /* CabinAR */ = {
			isa = PBXGroup;
			children = (
				6660A95C2225860E003CA656 /* AppDelegate.swift */,
				6660A95E2225860E003CA656 /* art.scnassets */,
				6660A9602225860E003CA656 /* ViewController.swift */,
				6660A9622225860E003CA656 /* Main.storyboard */,
				6660A9652225860E003CA656 /* Assets.xcassets */,
				6660A9672225860E003CA656 /* LaunchScreen.storyboard */,
				6660A96A2225860E003CA656 /* Info.plist */,
			);
			path = CabinAR;
			sourceTree = "<group>";
		};
		6660A9722225860E003CA656 /* CabinARTests */ = {
			isa = PBXGroup;
			children = (
				6660A9732225860E003CA656 /* CabinARTests.swift */,
				6660A9752225860E003CA656 /* Info.plist */,
			);
			path = CabinARTests;
			sourceTree = "<group>";
		};
		6660A97D2225860F003CA656 /* CabinARUITests */ = {
			isa = PBXGroup;
			children = (
				6660A97E2225860F003CA656 /* CabinARUITests.swift */,
				6660A9802225860F003CA656 /* Info.plist */,
			);
			path = CabinARUITests;
			sourceTree = "<group>";
		};
/* End PBXGroup section */

/* Begin PBXNativeTarget section */
		6660A9582225860E003CA656 /* CabinAR */ = {
			isa = PBXNativeTarget;
			buildConfigurationList = 6660A9832225860F003CA656 /* Build configuration list for PBXNativeTarget "CabinAR" */;
			buildPhases = (
				6660A9552225860E003CA656 /* Sources */,
				6660A9562225860E003CA656 /* Frameworks */,
				6660A9572225860E003CA656 /* Resources */,
			);
			buildRules = (
			);
			dependencies = (
			);
			name = CabinAR;
			productName = CabinAR;
			productReference = 6660A9592225860E003CA656 /* CabinAR.app */;
			productType = "com.apple.product-type.application";
		};
		6660A96E2225860E003CA656 /* CabinARTests */ = {
			isa = PBXNativeTarget;
			buildConfigurationList = 6660A9862225860F003CA656 /* Build configuration list for PBXNativeTarget "CabinARTests" */;
			buildPhases = (
				6660A96B2225860E003CA656 /* Sources */,
				6660A96C2225860E003CA656 /* Frameworks */,
				6660A96D2225860E003CA656 /* Resources */,
			);
			buildRules = (
			);
			dependencies = (
				6660A9712225860E003CA656 /* PBXTargetDependency */,
			);
			name = CabinARTests;
			productName = CabinARTests;
			productReference = 6660A96F2225860E003CA656 /* CabinARTests.xctest */;
			productType = "com.apple.product-type.bundle.unit-test";
		};
		6660A9792225860F003CA656 /* CabinARUITests */ = {
			isa = PBXNativeTarget;
			buildConfigurationList = 6660A9892225860F003CA656 /* Build configuration list for PBXNativeTarget "CabinARUITests" */;
			buildPhases = (
				6660A9762225860F003CA656 /* Sources */,
				6660A9772225860F003CA656 /* Frameworks */,
				6660A9782225860F003CA656 /* Resources */,
			);
			buildRules = (
			);
			dependencies = (
				6660A97C2225860F003CA656 /* PBXTargetDependency */,
			);
			name = CabinARUITests;
			productName = CabinARUITests;
			productReference = 6660A97A2225860F003CA656 /* CabinARUITests.xctest */;
			productType = "com.apple.product-type.bundle.ui-testing";
		};
/* End PBXNativeTarget section */

/* Begin PBXProject section */
		6660A9512225860E003CA656 /* Project object */ = {
			isa = PBXProject;
			attributes = {
				LastSwiftUpdateCheck = 1010;
				LastUpgradeCheck = 1010;
				ORGANIZATIONNAME = "Pascal Rettig";
				TargetAttributes = {
					6660A9582225860E003CA656 = {
						CreatedOnToolsVersion = 10.1;
					};
					6660A96E2225860E003CA656 = {
						CreatedOnToolsVersion = 10.1;
						TestTargetID = 6660A9582225860E003CA656;
					};
					6660A9792225860F003CA656 = {
						CreatedOnToolsVersion = 10.1;
						TestTargetID = 6660A9582225860E003CA656;
					};
				};
			};
			buildConfigurationList = 6660A9542225860E003CA656 /* Build configuration list for PBXProject "CabinAR" */;
			compatibilityVersion = "Xcode 9.3";
			developmentRegion = en;
			hasScannedForEncodings = 0;
			knownRegions = (
				en,
				Base,
			);
			mainGroup = 6660A9502225860E003CA656;
			productRefGroup = 6660A95A2225860E003CA656 /* Products */;
			projectDirPath = "";
			projectRoot = "";
			targets = (
				6660A9582225860E003CA656 /* CabinAR */,
				6660A96E2225860E003CA656 /* CabinARTests */,
				6660A9792225860F003CA656 /* CabinARUITests */,
			);
		};
/* End PBXProject section */

/* Begin PBXResourcesBuildPhase section */
		6660A9572225860E003CA656 /* Resources */ = {
			isa = PBXResourcesBuildPhase;
			buildActionMask = 2147483647;
			files = (
				6660A95F2225860E003CA656 /* art.scnassets in Resources */,
				6660A9692225860E003CA656 /* LaunchScreen.storyboard in Resources */,
				6660A9662225860E003CA656 /* Assets.xcassets in Resources */,
				6660A9642225860E003CA656 /* Main.storyboard in Resources */,
			);
			runOnlyForDeploymentPostprocessing = 0;
		};
		6660A96D2225860E003CA656 /* Resources */ = {
			isa = PBXResourcesBuildPhase;
			buildActionMask = 2147483647;
			files = (
			);
			runOnlyForDeploymentPostprocessing = 0;
		};
		6660A9782225860F003CA656 /* Resources */ = {
			isa = PBXResourcesBuildPhase;
			buildActionMask = 2147483647;
			files = (
			);
			runOnlyForDeploymentPostprocessing = 0;
		};
/* End PBXResourcesBuildPhase section */

/* Begin PBXSourcesBuildPhase section */
		6660A9552225860E003CA656 /* Sources */ = {
			isa = PBXSourcesBuildPhase;
			buildActionMask = 2147483647;
			files = (
				6660A9612225860E003CA656 /* ViewController.swift in Sources */,
				6660A95D2225860E003CA656 /* AppDelegate.swift in Sources */,
			);
			runOnlyForDeploymentPostprocessing = 0;
		};
		6660A96B2225860E003CA656 /* Sources */ = {
			isa = PBXSourcesBuildPhase;
			buildActionMask = 2147483647;
			files = (
				6660A9742225860E003CA656 /* CabinARTests.swift in Sources */,
			);
			runOnlyForDeploymentPostprocessing = 0;
		};
		6660A9762225860F003CA656 /* Sources */ = {
			isa = PBXSourcesBuildPhase;
			buildActionMask = 2147483647;
			files = (
				6660A97F2225860F003CA656 /* CabinARUITests.swift in Sources */,
			);
			runOnlyForDeploymentPostprocessing = 0;
		};
/* End PBXSourcesBuildPhase section */

/* Begin PBXTargetDependency section */
		6660A9712225860E003CA656 /* PBXTargetDependency */ = {
			isa = PBXTargetDependency;
			target = 6660A9582225860E003CA656 /* CabinAR */;
			targetProxy = 6660A9702225860E003CA656 /* PBXContainerItemProxy */;
		};
		6660A97C2225860F003CA656 /* PBXTargetDependency */ = {
			isa = PBXTargetDependency;
			target = 6660A9582225860E003CA656 /* CabinAR */;
			targetProxy = 6660A97B2225860F003CA656 /* PBXContainerItemProxy */;
		};
/* End PBXTargetDependency section */

/* Begin PBXVariantGroup section */
		6660A9622225860E003CA656 /* Main.storyboard */ = {
			isa = PBXVariantGroup;
			children = (
				6660A9632225860E003CA656 /* Base */,
			);
			name = Main.storyboard;
			sourceTree = "<group>";
		};
		6660A9672225860E003CA656 /* LaunchScreen.storyboard */ = {
			isa = PBXVariantGroup;
			children = (
				6660A9682225860E003CA656 /* Base */,
			);
			name = LaunchScreen.storyboard;
			sourceTree = "<group>";
		};
/* End PBXVariantGroup section */

/* Begin XCBuildConfiguration section */
		6660A9812225860F003CA656 /* Debug */ = {
			isa = XCBuildConfiguration;
			buildSettings = {
				ALWAYS_SEARCH_USER_PATHS = NO;
				CLANG_ANALYZER_NONNULL = YES;
				CLANG_ANALYZER_NUMBER_OBJECT_CONVERSION = YES_AGGRESSIVE;
				CLANG_CXX_LANGUAGE_STANDARD = "gnu++14";
				CLANG_CXX_LIBRARY = "libc++";
				CLANG_ENABLE_MODULES = YES;
				CLANG_ENABLE_OBJC_ARC = YES;
				CLANG_ENABLE_OBJC_WEAK = YES;
				CLANG_WARN_BLOCK_CAPTURE_AUTORELEASING = YES;
				CLANG_WARN_BOOL_CONVERSION = YES;
				CLANG_WARN_COMMA = YES;
				CLANG_WARN_CONSTANT_CONVERSION = YES;
				CLANG_WARN_DEPRECATED_OBJC_IMPLEMENTATIONS = YES;
				CLANG_WARN_DIRECT_OBJC_ISA_USAGE = YES_ERROR;
				CLANG_WARN_DOCUMENTATION_COMMENTS = YES;
				CLANG_WARN_EMPTY_BODY = YES;
				CLANG_WARN_ENUM_CONVERSION = YES;
				CLANG_WARN_INFINITE_RECURSION = YES;
				CLANG_WARN_INT_CONVERSION = YES;
				CLANG_WARN_NON_LITERAL_NULL_CONVERSION = YES;
				CLANG_WARN_OBJC_IMPLICIT_RETAIN_SELF = YES;
				CLANG_WARN_OBJC_LITERAL_CONVERSION = YES;
				CLANG_WARN_OBJC_ROOT_CLASS = YES_ERROR;
				CLANG_WARN_RANGE_LOOP_ANALYSIS = YES;
				CLANG_WARN_STRICT_PROTOTYPES = YES;
				CLANG_WARN_SUSPICIOUS_MOVE = YES;
				CLANG_WARN_UNGUARDED_AVAILABILITY = YES_AGGRESSIVE;
				CLANG_WARN_UNREACHABLE_CODE = YES;
				CLANG_WARN__DUPLICATE_METHOD_MATCH = YES;
				CODE_SIGN_IDENTITY = "iPhone Developer";
				COPY_PHASE_STRIP = NO;
				DEBUG_INFORMATION_FORMAT = dwarf;
				ENABLE_STRICT_OBJC_MSGSEND = YES;
				ENABLE_TESTABILITY = YES;
				GCC_C_LANGUAGE_STANDARD = gnu11;
				GCC_DYNAMIC_NO_PIC = NO;
				GCC_NO_COMMON_BLOCKS = YES;
				GCC_OPTIMIZATION_LEVEL = 0;
				GCC_PREPROCESSOR_DEFINITIONS = (
					"DEBUG=1",
					"$(inherited)",
				);
				GCC_WARN_64_TO_32_BIT_CONVERSION = YES;
				GCC_WARN_ABOUT_RETURN_TYPE = YES_ERROR;
				GCC_WARN_UNDECLARED_SELECTOR = YES;
				GCC_WARN_UNINITIALIZED_AUTOS = YES_AGGRESSIVE;
				GCC_WARN_UNUSED_FUNCTION = YES;
				GCC_WARN_UNUSED_VARIABLE = YES;
				IPHONEOS_DEPLOYMENT_TARGET = 12.1;
				MTL_ENABLE_DEBUG_INFO = INCLUDE_SOURCE;
				MTL_FAST_MATH = YES;
				ONLY_ACTIVE_ARCH = YES;
				SDKROOT = iphoneos;
				SWIFT_ACTIVE_COMPILATION_CONDITIONS = DEBUG;
				SWIFT_OPTIMIZATION_LEVEL = "-Onone";
			};
			name = Debug;
		};
		6660A9822225860F003CA656 /* Release */ = {
			isa = XCBuildConfiguration;
			buildSettings = {
				ALWAYS_SEARCH_USER_PATHS = NO;
				CLANG_ANALYZER_NONNULL = YES;
				CLANG_ANALYZER_NUMBER_OBJECT_CONVERSION = YES_AGGRESSIVE;
				CLANG_CXX_LANGUAGE_STANDARD = "gnu++14";
				CLANG_CXX_LIBRARY = "libc++";
				CLANG_ENABLE_MODULES = YES;
				CLANG_ENABLE_OBJC_ARC = YES;
				CLANG_ENABLE_OBJC_WEAK = YES;
				CLANG_WARN_BLOCK_CAPTURE_AUTORELEASING = YES;
				CLANG_WARN_BOOL_CONVERSION = YES;
				CLANG_WARN_COMMA = YES;
				CLANG_WARN_CONSTANT_CONVERSION = YES;
				CLANG_WARN_DEPRECATED_OBJC_IMPLEMENTATIONS = YES;
				CLANG_WARN_DIRECT_OBJC_ISA_USAGE = YES_ERROR;
				CLANG_WARN_DOCUMENTATION_COMMENTS = YES;
				CLANG_WARN_EMPTY_BODY = YES;
				CLANG_WARN_ENUM_CONVERSION = YES;
				CLANG_WARN_INFINITE_RECURSION = YES;
				CLANG_WARN_INT_CONVERSION = YES;
				CLANG_WARN_NON_LITERAL_NULL_CONVERSION = YES;
				CLANG_WARN_OBJC_IMPLICIT_RETAIN_SELF = YES;
				CLANG_WARN_OBJC_LITERAL_CONVERSION = YES;
				CLANG_WARN_OBJC_ROOT_CLASS = YES_ERROR;
				CLANG_WARN_RANGE_LOOP_ANALYSIS = YES;
				CLANG_WARN_STRICT_PROTOTYPES = YES;
				CLANG_WARN_SUSPICIOUS_MOVE = YES;
				CLANG_WARN_UNGUARDED_AVAILABILITY = YES_AGGRESSIVE;
				CLANG_WARN_UNREACHABLE_CODE = YES;
				CLANG_WARN__DUPLICATE_METHOD_MATCH = YES;
				CODE_SIGN_IDENTITY = "iPhone Developer";
				COPY_PHASE_STRIP = NO;
				DEBUG_INFORMATION_FORMAT = "dwarf-with-dsym";
				ENABLE_NS_ASSERTIONS = NO;
				ENABLE_STRICT_OBJC_MSGSEND = YES;
				GCC_C_LANGUAGE_STANDARD = gnu11;
				GCC_NO_COMMON_BLOCKS = YES;
				GCC_WARN_64_TO_32_BIT_CONVERSION = YES;
				GCC_WARN_ABOUT_RETURN_TYPE = YES_ERROR;
				GCC_WARN_UNDECLARED_SELECTOR = YES;
				GCC_WARN_UNINITIALIZED_AUTOS = YES_AGGRESSIVE;
				GCC_WARN_UNUSED_FUNCTION = YES;
				GCC_WARN_UNUSED_VARIABLE = YES;
				IPHONEOS_DEPLOYMENT_TARGET = 12.1;
				MTL_ENABLE_DEBUG_INFO = NO;
				MTL_FAST_MATH = YES;
				SDKROOT = iphoneos;
				SWIFT_COMPILATION_MODE = wholemodule;
				SWIFT_OPTIMIZATION_LEVEL = "-O";
				VALIDATE_PRODUCT = YES;
			};
			name = Release;
		};
		6660A9842225860F003CA656 /* Debug */ = {
			isa = XCBuildConfiguration;
			buildSettings = {
				ASSETCATALOG_COMPILER_APPICON_NAME = AppIcon;
				CODE_SIGN_STYLE = Automatic;
				DEVELOPMENT_TEAM = PNZTA279GK;
				INFOPLIST_FILE = CabinAR/Info.plist;
				LD_RUNPATH_SEARCH_PATHS = (
					"$(inherited)",
					"@executable_path/Frameworks",
				);
				PRODUCT_BUNDLE_IDENTIFIER = Cykod.CabinAR;
				PRODUCT_NAME = "$(TARGET_NAME)";
				SWIFT_VERSION = 4.2;
				TARGETED_DEVICE_FAMILY = "1,2";
			};
			name = Debug;
		};
		6660A9852225860F003CA656 /* Release */ = {
			isa = XCBuildConfiguration;
			buildSettings = {
				ASSETCATALOG_COMPILER_APPICON_NAME = AppIcon;
				CODE_SIGN_STYLE = Automatic;
				DEVELOPMENT_TEAM = PNZTA279GK;
				INFOPLIST_FILE = CabinAR/Info.plist;
				LD_RUNPATH_SEARCH_PATHS = (
					"$(inherited)",
					"@executable_path/Frameworks",
				);
				PRODUCT_BUNDLE_IDENTIFIER = Cykod.CabinAR;
				PRODUCT_NAME = "$(TARGET_NAME)";
				SWIFT_VERSION = 4.2;
				TARGETED_DEVICE_FAMILY = "1,2";
			};
			name = Release;
		};
		6660A9872225860F003CA656 /* Debug */ = {
			isa = XCBuildConfiguration;
			buildSettings = {
				ALWAYS_EMBED_SWIFT_STANDARD_LIBRARIES = YES;
				BUNDLE_LOADER = "$(TEST_HOST)";
				CODE_SIGN_STYLE = Automatic;
				DEVELOPMENT_TEAM = PNZTA279GK;
				INFOPLIST_FILE = CabinARTests/Info.plist;
				LD_RUNPATH_SEARCH_PATHS = (
					"$(inherited)",
					"@executable_path/Frameworks",
					"@loader_path/Frameworks",
				);
				PRODUCT_BUNDLE_IDENTIFIER = Cykod.CabinARTests;
				PRODUCT_NAME = "$(TARGET_NAME)";
				SWIFT_VERSION = 4.2;
				TARGETED_DEVICE_FAMILY = "1,2";
				TEST_HOST = "$(BUILT_PRODUCTS_DIR)/CabinAR.app/CabinAR";
			};
			name = Debug;
		};
		6660A9882225860F003CA656 /* Release */ = {
			isa = XCBuildConfiguration;
			buildSettings = {
				ALWAYS_EMBED_SWIFT_STANDARD_LIBRARIES = YES;
				BUNDLE_LOADER = "$(TEST_HOST)";
				CODE_SIGN_STYLE = Automatic;
				DEVELOPMENT_TEAM = PNZTA279GK;
				INFOPLIST_FILE = CabinARTests/Info.plist;
				LD_RUNPATH_SEARCH_PATHS = (
					"$(inherited)",
					"@executable_path/Frameworks",
					"@loader_path/Frameworks",
				);
				PRODUCT_BUNDLE_IDENTIFIER = Cykod.CabinARTests;
				PRODUCT_NAME = "$(TARGET_NAME)";
				SWIFT_VERSION = 4.2;
				TARGETED_DEVICE_FAMILY = "1,2";
				TEST_HOST = "$(BUILT_PRODUCTS_DIR)/CabinAR.app/CabinAR";
			};
			name = Release;
		};
		6660A98A2225860F003CA656 /* Debug */ = {
			isa = XCBuildConfiguration;
			buildSettings = {
				ALWAYS_EMBED_SWIFT_STANDARD_LIBRARIES = YES;
				CODE_SIGN_STYLE = Automatic;
				DEVELOPMENT_TEAM = PNZTA279GK;
				INFOPLIST_FILE = CabinARUITests/Info.plist;
				LD_RUNPATH_SEARCH_PATHS = (
					"$(inherited)",
					"@executable_path/Frameworks",
					"@loader_path/Frameworks",
				);
				PRODUCT_BUNDLE_IDENTIFIER = Cykod.CabinARUITests;
				PRODUCT_NAME = "$(TARGET_NAME)";
				SWIFT_VERSION = 4.2;
				TARGETED_DEVICE_FAMILY = "1,2";
				TEST_TARGET_NAME = CabinAR;
			};
			name = Debug;
		};
		6660A98B2225860F003CA656 /* Release */ = {
			isa = XCBuildConfiguration;
			buildSettings = {
				ALWAYS_EMBED_SWIFT_STANDARD_LIBRARIES = YES;
				CODE_SIGN_STYLE = Automatic;
				DEVELOPMENT_TEAM = PNZTA279GK;
				INFOPLIST_FILE = CabinARUITests/Info.plist;
				LD_RUNPATH_SEARCH_PATHS = (
					"$(inherited)",
					"@executable_path/Frameworks",
					"@loader_path/Frameworks",
				);
				PRODUCT_BUNDLE_IDENTIFIER = Cykod.CabinARUITests;
				PRODUCT_NAME = "$(TARGET_NAME)";
				SWIFT_VERSION = 4.2;
				TARGETED_DEVICE_FAMILY = "1,2";
				TEST_TARGET_NAME = CabinAR;
			};
			name = Release;
		};
/* End XCBuildConfiguration section */

/* Begin XCConfigurationList section */
		6660A9542225860E003CA656 /* Build configuration list for PBXProject "CabinAR" */ = {
			isa = XCConfigurationList;
			buildConfigurations = (
				6660A9812225860F003CA656 /* Debug */,
				6660A9822225860F003CA656 /* Release */,
			);
			defaultConfigurationIsVisible = 0;
			defaultConfigurationName = Release;
		};
		6660A9832225860F003CA656 /* Build configuration list for PBXNativeTarget "CabinAR" */ = {
			isa = XCConfigurationList;
			buildConfigurations = (
				6660A9842225860F003CA656 /* Debug */,
				6660A9852225860F003CA656 /* Release */,
			);
			defaultConfigurationIsVisible = 0;
			defaultConfigurationName = Release;
		};
		6660A9862225860F003CA656 /* Build configuration list for PBXNativeTarget "CabinARTests" */ = {
			isa = XCConfigurationList;
			buildConfigurations = (
				6660A9872225860F003CA656 /* Debug */,
				6660A9882225860F003CA656 /* Release */,
			);
			defaultConfigurationIsVisible = 0;
			defaultConfigurationName = Release;
		};
		6660A9892225860F003CA656 /* Build configuration list for PBXNativeTarget "CabinARUITests" */ = {
			isa = XCConfigurationList;
			buildConfigurations = (
				6660A98A2225860F003CA656 /* Debug */,
				6660A98B2225860F003CA656 /* Release */,
			);
			defaultConfigurationIsVisible = 0;
			defaultConfigurationName = Release;
		};
/* End XCConfigurationList section */
	};
	rootObject = 6660A9512225860E003CA656 /* Project object */;
}
